
Microsoft Visual Studio Solution File, Format Version 11.00
# Visual Studio 2010
Project("{FAE04EC0-301F-11D3-BF4B-00C04F79EFBC}") = "Man vs Game 2D", "Assembly-CSharp-firstpass.csproj", "{2D37C365-6365-A690-F60F-4F3DEB5C8417}"
EndProject
Project("{FAE04EC0-301F-11D3-BF4B-00C04F79EFBC}") = "Man vs Game 2D", "Assembly-CSharp-Editor-firstpass.csproj", "{2343FF38-929B-2EDE-0FF9-BA50D7C5C56D}"
EndProject
Global
	GlobalSection(SolutionConfigurationPlatforms) = preSolution
		Debug|Any CPU = Debug|Any CPU
		Release|Any CPU = Release|Any CPU
	EndGlobalSection
	GlobalSection(ProjectConfigurationPlatforms) = postSolution
		{2D37C365-6365-A690-F60F-4F3DEB5C8417}.Debug|Any CPU.ActiveCfg = Debug|Any CPU
		{2D37C365-6365-A690-F60F-4F3DEB5C8417}.Debug|Any CPU.Build.0 = Debug|Any CPU
		{2D37C365-6365-A690-F60F-4F3DEB5C8417}.Release|Any CPU.ActiveCfg = Release|Any CPU
		{2D37C365-6365-A690-F60F-4F3DEB5C8417}.Release|Any CPU.Build.0 = Release|Any CPU
		{2343FF38-929B-2EDE-0FF9-BA50D7C5C56D}.Debug|Any CPU.ActiveCfg = Debug|Any CPU
		{2343FF38-929B-2EDE-0FF9-BA50D7C5C56D}.Debug|Any CPU.Build.0 = Debug|Any CPU
		{2343FF38-929B-2EDE-0FF9-BA50D7C5C56D}.Release|Any CPU.ActiveCfg = Release|Any CPU
		{2343FF38-929B-2EDE-0FF9-BA50D7C5C56D}.Release|Any CPU.Build.0 = Release|Any CPU
	EndGlobalSection
	GlobalSection(SolutionProperties) = preSolution
		HideSolutionNode = FALSE
	EndGlobalSection
	GlobalSection(MonoDevelopProperties) = preSolution
		StartupItem = Assembly-CSharp.csproj
	EndGlobalSection
EndGlobal
