
Microsoft Visual Studio Solution File, Format Version 11.00
# Visual Studio 2010
Project("{FAE04EC0-301F-11D3-BF4B-00C04F79EFBC}") = "Man vs Game", "Assembly-CSharp-firstpass.csproj", "{C55DB3BF-F4C2-CC01-720A-52E1A518B1A5}"
EndProject
Project("{FAE04EC0-301F-11D3-BF4B-00C04F79EFBC}") = "Man vs Game", "Assembly-CSharp-Editor-firstpass.csproj", "{7B681DC7-1DD9-3C33-D0DA-DC9228A95A5E}"
EndProject
Global
	GlobalSection(SolutionConfigurationPlatforms) = preSolution
		Debug|Any CPU = Debug|Any CPU
		Release|Any CPU = Release|Any CPU
	EndGlobalSection
	GlobalSection(ProjectConfigurationPlatforms) = postSolution
		{C55DB3BF-F4C2-CC01-720A-52E1A518B1A5}.Debug|Any CPU.ActiveCfg = Debug|Any CPU
		{C55DB3BF-F4C2-CC01-720A-52E1A518B1A5}.Debug|Any CPU.Build.0 = Debug|Any CPU
		{C55DB3BF-F4C2-CC01-720A-52E1A518B1A5}.Release|Any CPU.ActiveCfg = Release|Any CPU
		{C55DB3BF-F4C2-CC01-720A-52E1A518B1A5}.Release|Any CPU.Build.0 = Release|Any CPU
		{7B681DC7-1DD9-3C33-D0DA-DC9228A95A5E}.Debug|Any CPU.ActiveCfg = Debug|Any CPU
		{7B681DC7-1DD9-3C33-D0DA-DC9228A95A5E}.Debug|Any CPU.Build.0 = Debug|Any CPU
		{7B681DC7-1DD9-3C33-D0DA-DC9228A95A5E}.Release|Any CPU.ActiveCfg = Release|Any CPU
		{7B681DC7-1DD9-3C33-D0DA-DC9228A95A5E}.Release|Any CPU.Build.0 = Release|Any CPU
	EndGlobalSection
	GlobalSection(SolutionProperties) = preSolution
		HideSolutionNode = FALSE
	EndGlobalSection
	GlobalSection(MonoDevelopProperties) = preSolution
		StartupItem = Assembly-CSharp.csproj
	EndGlobalSection
EndGlobal
